
Microsoft Visual Studio Solution File, Format Version 12.00
# Visual Studio 15
VisualStudioVersion = 15.0.27703.2035
MinimumVisualStudioVersion = 10.0.40219.1
Project("{FAE04EC0-301F-11D3-BF4B-00C04F79EFBC}") = "PupitreEPSI", "PupitreEPSI\PupitreEPSI.csproj", "{7BA04E4C-ECF9-4142-BAF1-BA4CF8370E57}"
EndProject
Project("{FAE04EC0-301F-11D3-BF4B-00C04F79EFBC}") = "PupitreEPSI_DAL", "PupitreEPSI_DAL\PupitreEPSI_DAL.csproj", "{1FAE9ECE-16BB-4263-A842-68C6220DE416}"
EndProject
Project("{FAE04EC0-301F-11D3-BF4B-00C04F79EFBC}") = "PupitreEPSI_BO", "PupitreEPSI_BO\PupitreEPSI_BO.csproj", "{346AE6C8-81F7-431D-A423-8C07E561B642}"
EndProject
Global
	GlobalSection(SolutionConfigurationPlatforms) = preSolution
		Debug|Any CPU = Debug|Any CPU
		Release|Any CPU = Release|Any CPU
	EndGlobalSection
	GlobalSection(ProjectConfigurationPlatforms) = postSolution
		{7BA04E4C-ECF9-4142-BAF1-BA4CF8370E57}.Debug|Any CPU.ActiveCfg = Debug|Any CPU
		{7BA04E4C-ECF9-4142-BAF1-BA4CF8370E57}.Debug|Any CPU.Build.0 = Debug|Any CPU
		{7BA04E4C-ECF9-4142-BAF1-BA4CF8370E57}.Release|Any CPU.ActiveCfg = Release|Any CPU
		{7BA04E4C-ECF9-4142-BAF1-BA4CF8370E57}.Release|Any CPU.Build.0 = Release|Any CPU
		{1FAE9ECE-16BB-4263-A842-68C6220DE416}.Debug|Any CPU.ActiveCfg = Debug|Any CPU
		{1FAE9ECE-16BB-4263-A842-68C6220DE416}.Debug|Any CPU.Build.0 = Debug|Any CPU
		{1FAE9ECE-16BB-4263-A842-68C6220DE416}.Release|Any CPU.ActiveCfg = Release|Any CPU
		{1FAE9ECE-16BB-4263-A842-68C6220DE416}.Release|Any CPU.Build.0 = Release|Any CPU
		{346AE6C8-81F7-431D-A423-8C07E561B642}.Debug|Any CPU.ActiveCfg = Debug|Any CPU
		{346AE6C8-81F7-431D-A423-8C07E561B642}.Debug|Any CPU.Build.0 = Debug|Any CPU
		{346AE6C8-81F7-431D-A423-8C07E561B642}.Release|Any CPU.ActiveCfg = Release|Any CPU
		{346AE6C8-81F7-431D-A423-8C07E561B642}.Release|Any CPU.Build.0 = Release|Any CPU
	EndGlobalSection
	GlobalSection(SolutionProperties) = preSolution
		HideSolutionNode = FALSE
	EndGlobalSection
	GlobalSection(ExtensibilityGlobals) = postSolution
		SolutionGuid = {5753AF56-5C28-4D08-BAFE-81324727ACC3}
	EndGlobalSection
EndGlobal
